
Microsoft Visual Studio Solution File, Format Version 12.00
# Visual Studio Version 17
VisualStudioVersion = 17.8.34511.84
MinimumVisualStudioVersion = 10.0.40219.1
Project("{2150E333-8FDC-42A3-9474-1A3956D46DE8}") = "Services", "Services", "{C868282E-8B7A-408A-9DC4-D374B9D1648D}"
EndProject
Project("{2150E333-8FDC-42A3-9474-1A3956D46DE8}") = "Catalog", "Catalog", "{87706399-1534-4A81-A33B-4F41E95517B9}"
EndProject
Project("{9A19103F-16F7-4668-BE54-9A1E7A4F7556}") = "Catalog.API", "Services\Catalog\Catalog.API\Catalog.API.csproj", "{49F40DB6-011E-4723-B10F-E7C13E4F1088}"
EndProject
Project("{2150E333-8FDC-42A3-9474-1A3956D46DE8}") = "BuildingBlocks", "BuildingBlocks", "{5EDBF591-5447-44D2-A2FD-7DD7927B53D8}"
EndProject
Project("{9A19103F-16F7-4668-BE54-9A1E7A4F7556}") = "BuidingBlocks", "BuildingBlocks\BuidingBlocks\BuidingBlocks.csproj", "{4D8559B0-9D96-481D-A7BB-EC285DFC485D}"
EndProject
Project("{E53339B2-1760-4266-BCC7-CA923CBCF16C}") = "docker-compose", "docker-compose.dcproj", "{246DF87F-151C-4935-84D6-76F56271664F}"
EndProject
Project("{2150E333-8FDC-42A3-9474-1A3956D46DE8}") = "Basket", "Basket", "{713D8CF6-38A4-4687-B635-E85FFABED4F8}"
EndProject
Project("{9A19103F-16F7-4668-BE54-9A1E7A4F7556}") = "Basket.API", "Services\Basket\Basket.API\Basket.API.csproj", "{8BB18BB5-B1CF-47DB-8326-87F5E5B6AEB8}"
EndProject
Project("{2150E333-8FDC-42A3-9474-1A3956D46DE8}") = "Discount", "Discount", "{E47BF68E-D10E-4C7F-871A-CF05CC17A17E}"
EndProject
Project("{9A19103F-16F7-4668-BE54-9A1E7A4F7556}") = "Discount.Grpc", "Services\Discount\Discount.Grpc\Discount.Grpc.csproj", "{7AEB85A8-87D7-41A2-B7B1-7A849C0E08EF}"
EndProject
Global
	GlobalSection(SolutionConfigurationPlatforms) = preSolution
		Debug|Any CPU = Debug|Any CPU
		Release|Any CPU = Release|Any CPU
	EndGlobalSection
	GlobalSection(ProjectConfigurationPlatforms) = postSolution
		{49F40DB6-011E-4723-B10F-E7C13E4F1088}.Debug|Any CPU.ActiveCfg = Debug|Any CPU
		{49F40DB6-011E-4723-B10F-E7C13E4F1088}.Debug|Any CPU.Build.0 = Debug|Any CPU
		{49F40DB6-011E-4723-B10F-E7C13E4F1088}.Release|Any CPU.ActiveCfg = Release|Any CPU
		{49F40DB6-011E-4723-B10F-E7C13E4F1088}.Release|Any CPU.Build.0 = Release|Any CPU
		{4D8559B0-9D96-481D-A7BB-EC285DFC485D}.Debug|Any CPU.ActiveCfg = Debug|Any CPU
		{4D8559B0-9D96-481D-A7BB-EC285DFC485D}.Debug|Any CPU.Build.0 = Debug|Any CPU
		{4D8559B0-9D96-481D-A7BB-EC285DFC485D}.Release|Any CPU.ActiveCfg = Release|Any CPU
		{4D8559B0-9D96-481D-A7BB-EC285DFC485D}.Release|Any CPU.Build.0 = Release|Any CPU
		{246DF87F-151C-4935-84D6-76F56271664F}.Debug|Any CPU.ActiveCfg = Debug|Any CPU
		{246DF87F-151C-4935-84D6-76F56271664F}.Debug|Any CPU.Build.0 = Debug|Any CPU
		{246DF87F-151C-4935-84D6-76F56271664F}.Release|Any CPU.ActiveCfg = Release|Any CPU
		{246DF87F-151C-4935-84D6-76F56271664F}.Release|Any CPU.Build.0 = Release|Any CPU
		{8BB18BB5-B1CF-47DB-8326-87F5E5B6AEB8}.Debug|Any CPU.ActiveCfg = Debug|Any CPU
		{8BB18BB5-B1CF-47DB-8326-87F5E5B6AEB8}.Debug|Any CPU.Build.0 = Debug|Any CPU
		{8BB18BB5-B1CF-47DB-8326-87F5E5B6AEB8}.Release|Any CPU.ActiveCfg = Release|Any CPU
		{8BB18BB5-B1CF-47DB-8326-87F5E5B6AEB8}.Release|Any CPU.Build.0 = Release|Any CPU
		{7AEB85A8-87D7-41A2-B7B1-7A849C0E08EF}.Debug|Any CPU.ActiveCfg = Debug|Any CPU
		{7AEB85A8-87D7-41A2-B7B1-7A849C0E08EF}.Debug|Any CPU.Build.0 = Debug|Any CPU
		{7AEB85A8-87D7-41A2-B7B1-7A849C0E08EF}.Release|Any CPU.ActiveCfg = Release|Any CPU
		{7AEB85A8-87D7-41A2-B7B1-7A849C0E08EF}.Release|Any CPU.Build.0 = Release|Any CPU
	EndGlobalSection
	GlobalSection(SolutionProperties) = preSolution
		HideSolutionNode = FALSE
	EndGlobalSection
	GlobalSection(NestedProjects) = preSolution
		{87706399-1534-4A81-A33B-4F41E95517B9} = {C868282E-8B7A-408A-9DC4-D374B9D1648D}
		{49F40DB6-011E-4723-B10F-E7C13E4F1088} = {87706399-1534-4A81-A33B-4F41E95517B9}
		{4D8559B0-9D96-481D-A7BB-EC285DFC485D} = {5EDBF591-5447-44D2-A2FD-7DD7927B53D8}
		{713D8CF6-38A4-4687-B635-E85FFABED4F8} = {C868282E-8B7A-408A-9DC4-D374B9D1648D}
		{8BB18BB5-B1CF-47DB-8326-87F5E5B6AEB8} = {713D8CF6-38A4-4687-B635-E85FFABED4F8}
		{E47BF68E-D10E-4C7F-871A-CF05CC17A17E} = {C868282E-8B7A-408A-9DC4-D374B9D1648D}
		{7AEB85A8-87D7-41A2-B7B1-7A849C0E08EF} = {E47BF68E-D10E-4C7F-871A-CF05CC17A17E}
	EndGlobalSection
	GlobalSection(ExtensibilityGlobals) = postSolution
		SolutionGuid = {75627C21-E201-4100-9A17-E3CA221D186E}
	EndGlobalSection
EndGlobal
