
Microsoft Visual Studio Solution File, Format Version 12.00
# Visual Studio Version 17
VisualStudioVersion = 17.8.34511.84
MinimumVisualStudioVersion = 10.0.40219.1
Project("{2150E333-8FDC-42A3-9474-1A3956D46DE8}") = "Services", "Services", "{C868282E-8B7A-408A-9DC4-D374B9D1648D}"
EndProject
Project("{2150E333-8FDC-42A3-9474-1A3956D46DE8}") = "Catalog", "Catalog", "{87706399-1534-4A81-A33B-4F41E95517B9}"
EndProject
Project("{9A19103F-16F7-4668-BE54-9A1E7A4F7556}") = "Catalog.API", "Services\Catalog\Catalog.API\Catalog.API.csproj", "{49F40DB6-011E-4723-B10F-E7C13E4F1088}"
EndProject
Project("{2150E333-8FDC-42A3-9474-1A3956D46DE8}") = "BuildingBlocks", "BuildingBlocks", "{5EDBF591-5447-44D2-A2FD-7DD7927B53D8}"
EndProject
Project("{9A19103F-16F7-4668-BE54-9A1E7A4F7556}") = "BuidingBlocks", "BuildingBlocks\BuidingBlocks\BuidingBlocks.csproj", "{4D8559B0-9D96-481D-A7BB-EC285DFC485D}"
EndProject
Project("{E53339B2-1760-4266-BCC7-CA923CBCF16C}") = "docker-compose", "docker-compose.dcproj", "{246DF87F-151C-4935-84D6-76F56271664F}"
EndProject
Project("{2150E333-8FDC-42A3-9474-1A3956D46DE8}") = "Basket", "Basket", "{713D8CF6-38A4-4687-B635-E85FFABED4F8}"
EndProject
Project("{9A19103F-16F7-4668-BE54-9A1E7A4F7556}") = "Basket.API", "Services\Basket\Basket.API\Basket.API.csproj", "{8BB18BB5-B1CF-47DB-8326-87F5E5B6AEB8}"
EndProject
Project("{2150E333-8FDC-42A3-9474-1A3956D46DE8}") = "Discount", "Discount", "{E47BF68E-D10E-4C7F-871A-CF05CC17A17E}"
EndProject
Project("{9A19103F-16F7-4668-BE54-9A1E7A4F7556}") = "Discount.Grpc", "Services\Discount\Discount.Grpc\Discount.Grpc.csproj", "{7AEB85A8-87D7-41A2-B7B1-7A849C0E08EF}"
EndProject
Project("{2150E333-8FDC-42A3-9474-1A3956D46DE8}") = "Ordering", "Ordering", "{63801989-0CE5-474A-9F2C-9769647810DF}"
EndProject
Project("{9A19103F-16F7-4668-BE54-9A1E7A4F7556}") = "Ordering.API", "Services\Ordering\Ordering.API\Ordering.API.csproj", "{4099BB3A-B57F-479C-9D93-10C5FC8A06BA}"
EndProject
Project("{9A19103F-16F7-4668-BE54-9A1E7A4F7556}") = "Ordering.Domain", "Services\Ordering\Ordering.Domain\Ordering.Domain.csproj", "{9F355E79-244F-4436-94DF-F10CC8ED7E58}"
EndProject
Project("{9A19103F-16F7-4668-BE54-9A1E7A4F7556}") = "Ordering.Application", "Services\Ordering\Ordering.Application\Ordering.Application.csproj", "{5E537C35-C62B-4CFE-96F7-B02118EEFC75}"
EndProject
Project("{9A19103F-16F7-4668-BE54-9A1E7A4F7556}") = "Ordering.Infrastructure", "Services\Ordering\Ordering.Infrastructure\Ordering.Infrastructure.csproj", "{F043311B-34B1-4D98-B49F-CD0189000DA4}"
EndProject
Project("{9A19103F-16F7-4668-BE54-9A1E7A4F7556}") = "BuildingBlocks.Messaging", "BuildingBlocks\BuildingBlocks.Messaging\BuildingBlocks.Messaging.csproj", "{EF8E1B70-AAE2-49E8-9A30-E8FD76FE21D2}"
EndProject
Project("{2150E333-8FDC-42A3-9474-1A3956D46DE8}") = "ApiGateways", "ApiGateways", "{CC2FCDA6-E40C-494D-8767-6FCF90A7EBEF}"
EndProject
Project("{FAE04EC0-301F-11D3-BF4B-00C04F79EFBC}") = "YarpApiGateway", "ApiGateways\YarpApiGateway\YarpApiGateway.csproj", "{A0E5A511-5970-40EE-9160-F4C166E98FDB}"
EndProject
Global
	GlobalSection(SolutionConfigurationPlatforms) = preSolution
		Debug|Any CPU = Debug|Any CPU
		Release|Any CPU = Release|Any CPU
	EndGlobalSection
	GlobalSection(ProjectConfigurationPlatforms) = postSolution
		{49F40DB6-011E-4723-B10F-E7C13E4F1088}.Debug|Any CPU.ActiveCfg = Debug|Any CPU
		{49F40DB6-011E-4723-B10F-E7C13E4F1088}.Debug|Any CPU.Build.0 = Debug|Any CPU
		{49F40DB6-011E-4723-B10F-E7C13E4F1088}.Release|Any CPU.ActiveCfg = Release|Any CPU
		{49F40DB6-011E-4723-B10F-E7C13E4F1088}.Release|Any CPU.Build.0 = Release|Any CPU
		{4D8559B0-9D96-481D-A7BB-EC285DFC485D}.Debug|Any CPU.ActiveCfg = Debug|Any CPU
		{4D8559B0-9D96-481D-A7BB-EC285DFC485D}.Debug|Any CPU.Build.0 = Debug|Any CPU
		{4D8559B0-9D96-481D-A7BB-EC285DFC485D}.Release|Any CPU.ActiveCfg = Release|Any CPU
		{4D8559B0-9D96-481D-A7BB-EC285DFC485D}.Release|Any CPU.Build.0 = Release|Any CPU
		{246DF87F-151C-4935-84D6-76F56271664F}.Debug|Any CPU.ActiveCfg = Debug|Any CPU
		{246DF87F-151C-4935-84D6-76F56271664F}.Debug|Any CPU.Build.0 = Debug|Any CPU
		{246DF87F-151C-4935-84D6-76F56271664F}.Release|Any CPU.ActiveCfg = Release|Any CPU
		{246DF87F-151C-4935-84D6-76F56271664F}.Release|Any CPU.Build.0 = Release|Any CPU
		{8BB18BB5-B1CF-47DB-8326-87F5E5B6AEB8}.Debug|Any CPU.ActiveCfg = Debug|Any CPU
		{8BB18BB5-B1CF-47DB-8326-87F5E5B6AEB8}.Debug|Any CPU.Build.0 = Debug|Any CPU
		{8BB18BB5-B1CF-47DB-8326-87F5E5B6AEB8}.Release|Any CPU.ActiveCfg = Release|Any CPU
		{8BB18BB5-B1CF-47DB-8326-87F5E5B6AEB8}.Release|Any CPU.Build.0 = Release|Any CPU
		{7AEB85A8-87D7-41A2-B7B1-7A849C0E08EF}.Debug|Any CPU.ActiveCfg = Debug|Any CPU
		{7AEB85A8-87D7-41A2-B7B1-7A849C0E08EF}.Debug|Any CPU.Build.0 = Debug|Any CPU
		{7AEB85A8-87D7-41A2-B7B1-7A849C0E08EF}.Release|Any CPU.ActiveCfg = Release|Any CPU
		{7AEB85A8-87D7-41A2-B7B1-7A849C0E08EF}.Release|Any CPU.Build.0 = Release|Any CPU
		{4099BB3A-B57F-479C-9D93-10C5FC8A06BA}.Debug|Any CPU.ActiveCfg = Debug|Any CPU
		{4099BB3A-B57F-479C-9D93-10C5FC8A06BA}.Debug|Any CPU.Build.0 = Debug|Any CPU
		{4099BB3A-B57F-479C-9D93-10C5FC8A06BA}.Release|Any CPU.ActiveCfg = Release|Any CPU
		{4099BB3A-B57F-479C-9D93-10C5FC8A06BA}.Release|Any CPU.Build.0 = Release|Any CPU
		{9F355E79-244F-4436-94DF-F10CC8ED7E58}.Debug|Any CPU.ActiveCfg = Debug|Any CPU
		{9F355E79-244F-4436-94DF-F10CC8ED7E58}.Debug|Any CPU.Build.0 = Debug|Any CPU
		{9F355E79-244F-4436-94DF-F10CC8ED7E58}.Release|Any CPU.ActiveCfg = Release|Any CPU
		{9F355E79-244F-4436-94DF-F10CC8ED7E58}.Release|Any CPU.Build.0 = Release|Any CPU
		{5E537C35-C62B-4CFE-96F7-B02118EEFC75}.Debug|Any CPU.ActiveCfg = Debug|Any CPU
		{5E537C35-C62B-4CFE-96F7-B02118EEFC75}.Debug|Any CPU.Build.0 = Debug|Any CPU
		{5E537C35-C62B-4CFE-96F7-B02118EEFC75}.Release|Any CPU.ActiveCfg = Release|Any CPU
		{5E537C35-C62B-4CFE-96F7-B02118EEFC75}.Release|Any CPU.Build.0 = Release|Any CPU
		{F043311B-34B1-4D98-B49F-CD0189000DA4}.Debug|Any CPU.ActiveCfg = Debug|Any CPU
		{F043311B-34B1-4D98-B49F-CD0189000DA4}.Debug|Any CPU.Build.0 = Debug|Any CPU
		{F043311B-34B1-4D98-B49F-CD0189000DA4}.Release|Any CPU.ActiveCfg = Release|Any CPU
		{F043311B-34B1-4D98-B49F-CD0189000DA4}.Release|Any CPU.Build.0 = Release|Any CPU
		{EF8E1B70-AAE2-49E8-9A30-E8FD76FE21D2}.Debug|Any CPU.ActiveCfg = Debug|Any CPU
		{EF8E1B70-AAE2-49E8-9A30-E8FD76FE21D2}.Debug|Any CPU.Build.0 = Debug|Any CPU
		{EF8E1B70-AAE2-49E8-9A30-E8FD76FE21D2}.Release|Any CPU.ActiveCfg = Release|Any CPU
		{EF8E1B70-AAE2-49E8-9A30-E8FD76FE21D2}.Release|Any CPU.Build.0 = Release|Any CPU
		{A0E5A511-5970-40EE-9160-F4C166E98FDB}.Debug|Any CPU.ActiveCfg = Debug|Any CPU
		{A0E5A511-5970-40EE-9160-F4C166E98FDB}.Debug|Any CPU.Build.0 = Debug|Any CPU
		{A0E5A511-5970-40EE-9160-F4C166E98FDB}.Release|Any CPU.ActiveCfg = Release|Any CPU
		{A0E5A511-5970-40EE-9160-F4C166E98FDB}.Release|Any CPU.Build.0 = Release|Any CPU
	EndGlobalSection
	GlobalSection(SolutionProperties) = preSolution
		HideSolutionNode = FALSE
	EndGlobalSection
	GlobalSection(NestedProjects) = preSolution
		{87706399-1534-4A81-A33B-4F41E95517B9} = {C868282E-8B7A-408A-9DC4-D374B9D1648D}
		{49F40DB6-011E-4723-B10F-E7C13E4F1088} = {87706399-1534-4A81-A33B-4F41E95517B9}
		{4D8559B0-9D96-481D-A7BB-EC285DFC485D} = {5EDBF591-5447-44D2-A2FD-7DD7927B53D8}
		{713D8CF6-38A4-4687-B635-E85FFABED4F8} = {C868282E-8B7A-408A-9DC4-D374B9D1648D}
		{8BB18BB5-B1CF-47DB-8326-87F5E5B6AEB8} = {713D8CF6-38A4-4687-B635-E85FFABED4F8}
		{E47BF68E-D10E-4C7F-871A-CF05CC17A17E} = {C868282E-8B7A-408A-9DC4-D374B9D1648D}
		{7AEB85A8-87D7-41A2-B7B1-7A849C0E08EF} = {E47BF68E-D10E-4C7F-871A-CF05CC17A17E}
		{63801989-0CE5-474A-9F2C-9769647810DF} = {C868282E-8B7A-408A-9DC4-D374B9D1648D}
		{4099BB3A-B57F-479C-9D93-10C5FC8A06BA} = {63801989-0CE5-474A-9F2C-9769647810DF}
		{9F355E79-244F-4436-94DF-F10CC8ED7E58} = {63801989-0CE5-474A-9F2C-9769647810DF}
		{5E537C35-C62B-4CFE-96F7-B02118EEFC75} = {63801989-0CE5-474A-9F2C-9769647810DF}
		{F043311B-34B1-4D98-B49F-CD0189000DA4} = {63801989-0CE5-474A-9F2C-9769647810DF}
		{EF8E1B70-AAE2-49E8-9A30-E8FD76FE21D2} = {5EDBF591-5447-44D2-A2FD-7DD7927B53D8}
		{A0E5A511-5970-40EE-9160-F4C166E98FDB} = {CC2FCDA6-E40C-494D-8767-6FCF90A7EBEF}
	EndGlobalSection
	GlobalSection(ExtensibilityGlobals) = postSolution
		SolutionGuid = {75627C21-E201-4100-9A17-E3CA221D186E}
	EndGlobalSection
EndGlobal
